// !$*UTF8*$!
{
	archiveVersion = 1;
	classes = {
	};
	objectVersion = 48;
	objects = {

/* Begin PBXBuildFile section */
		5080E93F1FA56DBB00A32E8F /* UIWindow+PVAnimationSwitchRootViewController.h in Headers */ = {isa = PBXBuildFile; fileRef = 50DE24AD1FA55E9400DFE080 /* UIWindow+PVAnimationSwitchRootViewController.h */; settings = {ATTRIBUTES = (Public, ); }; };
		5080E9401FA56DC100A32E8F /* UIWindow+PVAnimationSwitchRootViewController.m in Sources */ = {isa = PBXBuildFile; fileRef = 50DE24AE1FA55E9400DFE080 /* UIWindow+PVAnimationSwitchRootViewController.m */; };
		5080E9411FA56DC500A32E8F /* UIApplication+PVRootWindow.h in Headers */ = {isa = PBXBuildFile; fileRef = 50DE24B31FA565EC00DFE080 /* UIApplication+PVRootWindow.h */; settings = {ATTRIBUTES = (Public, ); }; };
		5080E9421FA56DCA00A32E8F /* UIApplication+PVRootWindow.m in Sources */ = {isa = PBXBuildFile; fileRef = 50DE24B41FA565EC00DFE080 /* UIApplication+PVRootWindow.m */; };
		5080E9441FA56E0000A32E8F /* AnimationSwitchRootViewController.swift in Sources */ = {isa = PBXBuildFile; fileRef = 5080E9431FA56E0000A32E8F /* AnimationSwitchRootViewController.swift */; };
		5080E9461FA5F44600A32E8F /* README.md in Resources */ = {isa = PBXBuildFile; fileRef = 5080E9451FA5F44600A32E8F /* README.md */; };
		50DE248A1FA55D5700DFE080 /* AppDelegate.swift in Sources */ = {isa = PBXBuildFile; fileRef = 50DE24891FA55D5700DFE080 /* AppDelegate.swift */; };
		50DE248C1FA55D5700DFE080 /* ViewController.swift in Sources */ = {isa = PBXBuildFile; fileRef = 50DE248B1FA55D5700DFE080 /* ViewController.swift */; };
		50DE248F1FA55D5700DFE080 /* Main.storyboard in Resources */ = {isa = PBXBuildFile; fileRef = 50DE248D1FA55D5700DFE080 /* Main.storyboard */; };
		50DE24911FA55D5700DFE080 /* Assets.xcassets in Resources */ = {isa = PBXBuildFile; fileRef = 50DE24901FA55D5700DFE080 /* Assets.xcassets */; };
		50DE24941FA55D5700DFE080 /* LaunchScreen.storyboard in Resources */ = {isa = PBXBuildFile; fileRef = 50DE24921FA55D5700DFE080 /* LaunchScreen.storyboard */; };
		50DE24A41FA55E5100DFE080 /* AnimationSwitchRootViewControllerObjC.h in Headers */ = {isa = PBXBuildFile; fileRef = 50DE24A21FA55E5100DFE080 /* AnimationSwitchRootViewControllerObjC.h */; settings = {ATTRIBUTES = (Public, ); }; };
		50DE24C01FA568FB00DFE080 /* AnimationSwitchRootViewController.h in Headers */ = {isa = PBXBuildFile; fileRef = 50DE24BE1FA568FB00DFE080 /* AnimationSwitchRootViewController.h */; settings = {ATTRIBUTES = (Public, ); }; };
		50DE24C81FA5696E00DFE080 /* AnimationSwitchRootViewController.framework in Frameworks */ = {isa = PBXBuildFile; fileRef = 50DE24BC1FA568FB00DFE080 /* AnimationSwitchRootViewController.framework */; };
		50DE24CA1FA5697200DFE080 /* AnimationSwitchRootViewController.framework in Embed Frameworks */ = {isa = PBXBuildFile; fileRef = 50DE24BC1FA568FB00DFE080 /* AnimationSwitchRootViewController.framework */; settings = {ATTRIBUTES = (CodeSignOnCopy, RemoveHeadersOnCopy, ); }; };
/* End PBXBuildFile section */

/* Begin PBXContainerItemProxy section */
		50DE24CB1FA5697200DFE080 /* PBXContainerItemProxy */ = {
			isa = PBXContainerItemProxy;
			containerPortal = 50DE246F1FA55CB600DFE080 /* Project object */;
			proxyType = 1;
			remoteGlobalIDString = 50DE24BB1FA568FB00DFE080;
			remoteInfo = AnimationSwitchRootViewControllerSwift;
		};
/* End PBXContainerItemProxy section */

/* Begin PBXCopyFilesBuildPhase section */
		50DE24CD1FA5697200DFE080 /* Embed Frameworks */ = {
			isa = PBXCopyFilesBuildPhase;
			buildActionMask = 2147483647;
			dstPath = "";
			dstSubfolderSpec = 10;
			files = (
				50DE24CA1FA5697200DFE080 /* AnimationSwitchRootViewController.framework in Embed Frameworks */,
			);
			name = "Embed Frameworks";
			runOnlyForDeploymentPostprocessing = 0;
		};
/* End PBXCopyFilesBuildPhase section */

/* Begin PBXFileReference section */
		5080E9431FA56E0000A32E8F /* AnimationSwitchRootViewController.swift */ = {isa = PBXFileReference; lastKnownFileType = sourcecode.swift; path = AnimationSwitchRootViewController.swift; sourceTree = "<group>"; };
		5080E9451FA5F44600A32E8F /* README.md */ = {isa = PBXFileReference; fileEncoding = 4; lastKnownFileType = net.daringfireball.markdown; path = README.md; sourceTree = SOURCE_ROOT; };
		50DE24871FA55D5700DFE080 /* Example.app */ = {isa = PBXFileReference; explicitFileType = wrapper.application; includeInIndex = 0; path = Example.app; sourceTree = BUILT_PRODUCTS_DIR; };
		50DE24891FA55D5700DFE080 /* AppDelegate.swift */ = {isa = PBXFileReference; lastKnownFileType = sourcecode.swift; path = AppDelegate.swift; sourceTree = "<group>"; };
		50DE248B1FA55D5700DFE080 /* ViewController.swift */ = {isa = PBXFileReference; lastKnownFileType = sourcecode.swift; path = ViewController.swift; sourceTree = "<group>"; };
		50DE248E1FA55D5700DFE080 /* Base */ = {isa = PBXFileReference; lastKnownFileType = file.storyboard; name = Base; path = Base.lproj/Main.storyboard; sourceTree = "<group>"; };
		50DE24901FA55D5700DFE080 /* Assets.xcassets */ = {isa = PBXFileReference; lastKnownFileType = folder.assetcatalog; path = Assets.xcassets; sourceTree = "<group>"; };
		50DE24931FA55D5700DFE080 /* Base */ = {isa = PBXFileReference; lastKnownFileType = file.storyboard; name = Base; path = Base.lproj/LaunchScreen.storyboard; sourceTree = "<group>"; };
		50DE24951FA55D5700DFE080 /* Info.plist */ = {isa = PBXFileReference; lastKnownFileType = text.plist.xml; path = Info.plist; sourceTree = "<group>"; };
		50DE24A01FA55E5100DFE080 /* AnimationSwitchRootViewControllerObjC.framework */ = {isa = PBXFileReference; explicitFileType = wrapper.framework; includeInIndex = 0; path = AnimationSwitchRootViewControllerObjC.framework; sourceTree = BUILT_PRODUCTS_DIR; };
		50DE24A21FA55E5100DFE080 /* AnimationSwitchRootViewControllerObjC.h */ = {isa = PBXFileReference; lastKnownFileType = sourcecode.c.h; path = AnimationSwitchRootViewControllerObjC.h; sourceTree = "<group>"; };
		50DE24A31FA55E5100DFE080 /* Info.plist */ = {isa = PBXFileReference; lastKnownFileType = text.plist.xml; path = Info.plist; sourceTree = "<group>"; };
		50DE24AD1FA55E9400DFE080 /* UIWindow+PVAnimationSwitchRootViewController.h */ = {isa = PBXFileReference; fileEncoding = 4; lastKnownFileType = sourcecode.c.h; path = "UIWindow+PVAnimationSwitchRootViewController.h"; sourceTree = "<group>"; };
		50DE24AE1FA55E9400DFE080 /* UIWindow+PVAnimationSwitchRootViewController.m */ = {isa = PBXFileReference; fileEncoding = 4; lastKnownFileType = sourcecode.c.objc; path = "UIWindow+PVAnimationSwitchRootViewController.m"; sourceTree = "<group>"; };
		50DE24B31FA565EC00DFE080 /* UIApplication+PVRootWindow.h */ = {isa = PBXFileReference; lastKnownFileType = sourcecode.c.h; path = "UIApplication+PVRootWindow.h"; sourceTree = "<group>"; };
		50DE24B41FA565EC00DFE080 /* UIApplication+PVRootWindow.m */ = {isa = PBXFileReference; lastKnownFileType = sourcecode.c.objc; path = "UIApplication+PVRootWindow.m"; sourceTree = "<group>"; };
		50DE24BC1FA568FB00DFE080 /* AnimationSwitchRootViewController.framework */ = {isa = PBXFileReference; explicitFileType = wrapper.framework; includeInIndex = 0; path = AnimationSwitchRootViewController.framework; sourceTree = BUILT_PRODUCTS_DIR; };
		50DE24BE1FA568FB00DFE080 /* AnimationSwitchRootViewController.h */ = {isa = PBXFileReference; lastKnownFileType = sourcecode.c.h; path = AnimationSwitchRootViewController.h; sourceTree = "<group>"; };
		50DE24BF1FA568FB00DFE080 /* Info.plist */ = {isa = PBXFileReference; lastKnownFileType = text.plist.xml; path = Info.plist; sourceTree = "<group>"; };
/* End PBXFileReference section */

/* Begin PBXFrameworksBuildPhase section */
		50DE24841FA55D5700DFE080 /* Frameworks */ = {
			isa = PBXFrameworksBuildPhase;
			buildActionMask = 2147483647;
			files = (
				50DE24C81FA5696E00DFE080 /* AnimationSwitchRootViewController.framework in Frameworks */,
			);
			runOnlyForDeploymentPostprocessing = 0;
		};
		50DE249C1FA55E5100DFE080 /* Frameworks */ = {
			isa = PBXFrameworksBuildPhase;
			buildActionMask = 2147483647;
			files = (
			);
			runOnlyForDeploymentPostprocessing = 0;
		};
		50DE24B81FA568FB00DFE080 /* Frameworks */ = {
			isa = PBXFrameworksBuildPhase;
			buildActionMask = 2147483647;
			files = (
			);
			runOnlyForDeploymentPostprocessing = 0;
		};
/* End PBXFrameworksBuildPhase section */

/* Begin PBXGroup section */
		50DE246E1FA55CB600DFE080 = {
			isa = PBXGroup;
			children = (
				50DE24881FA55D5700DFE080 /* Example */,
				50DE24A11FA55E5100DFE080 /* AnimationSwitchRootViewControllerObjC */,
				50DE24BD1FA568FB00DFE080 /* AnimationSwitchRootViewController */,
				50DE24791FA55CB600DFE080 /* Products */,
				50DE24991FA55D9C00DFE080 /* Frameworks */,
			);
			sourceTree = "<group>";
		};
		50DE24791FA55CB600DFE080 /* Products */ = {
			isa = PBXGroup;
			children = (
				50DE24871FA55D5700DFE080 /* Example.app */,
				50DE24A01FA55E5100DFE080 /* AnimationSwitchRootViewControllerObjC.framework */,
				50DE24BC1FA568FB00DFE080 /* AnimationSwitchRootViewController.framework */,
			);
			name = Products;
			sourceTree = "<group>";
		};
		50DE24881FA55D5700DFE080 /* Example */ = {
			isa = PBXGroup;
			children = (
				50DE24891FA55D5700DFE080 /* AppDelegate.swift */,
				50DE248B1FA55D5700DFE080 /* ViewController.swift */,
				50DE248D1FA55D5700DFE080 /* Main.storyboard */,
				50DE24901FA55D5700DFE080 /* Assets.xcassets */,
				50DE24921FA55D5700DFE080 /* LaunchScreen.storyboard */,
				50DE24951FA55D5700DFE080 /* Info.plist */,
				5080E9451FA5F44600A32E8F /* README.md */,
			);
			path = Example;
			sourceTree = "<group>";
		};
		50DE24991FA55D9C00DFE080 /* Frameworks */ = {
			isa = PBXGroup;
			children = (
			);
			name = Frameworks;
			sourceTree = "<group>";
		};
		50DE24A11FA55E5100DFE080 /* AnimationSwitchRootViewControllerObjC */ = {
			isa = PBXGroup;
			children = (
				50DE24A21FA55E5100DFE080 /* AnimationSwitchRootViewControllerObjC.h */,
				50DE24A31FA55E5100DFE080 /* Info.plist */,
			);
			path = AnimationSwitchRootViewControllerObjC;
			sourceTree = "<group>";
		};
		50DE24BD1FA568FB00DFE080 /* AnimationSwitchRootViewController */ = {
			isa = PBXGroup;
			children = (
				50DE24BE1FA568FB00DFE080 /* AnimationSwitchRootViewController.h */,
				50DE24BF1FA568FB00DFE080 /* Info.plist */,
				5080E9431FA56E0000A32E8F /* AnimationSwitchRootViewController.swift */,
				50DE24AD1FA55E9400DFE080 /* UIWindow+PVAnimationSwitchRootViewController.h */,
				50DE24AE1FA55E9400DFE080 /* UIWindow+PVAnimationSwitchRootViewController.m */,
				50DE24B31FA565EC00DFE080 /* UIApplication+PVRootWindow.h */,
				50DE24B41FA565EC00DFE080 /* UIApplication+PVRootWindow.m */,
			);
			path = AnimationSwitchRootViewController;
			sourceTree = "<group>";
		};
/* End PBXGroup section */

/* Begin PBXHeadersBuildPhase section */
		50DE249D1FA55E5100DFE080 /* Headers */ = {
			isa = PBXHeadersBuildPhase;
			buildActionMask = 2147483647;
			files = (
				50DE24A41FA55E5100DFE080 /* AnimationSwitchRootViewControllerObjC.h in Headers */,
			);
			runOnlyForDeploymentPostprocessing = 0;
		};
		50DE24B91FA568FB00DFE080 /* Headers */ = {
			isa = PBXHeadersBuildPhase;
			buildActionMask = 2147483647;
			files = (
				5080E93F1FA56DBB00A32E8F /* UIWindow+PVAnimationSwitchRootViewController.h in Headers */,
				5080E9411FA56DC500A32E8F /* UIApplication+PVRootWindow.h in Headers */,
				50DE24C01FA568FB00DFE080 /* AnimationSwitchRootViewController.h in Headers */,
			);
			runOnlyForDeploymentPostprocessing = 0;
		};
/* End PBXHeadersBuildPhase section */

/* Begin PBXNativeTarget section */
		50DE24861FA55D5700DFE080 /* Example */ = {
			isa = PBXNativeTarget;
			buildConfigurationList = 50DE24961FA55D5700DFE080 /* Build configuration list for PBXNativeTarget "Example" */;
			buildPhases = (
				50DE24831FA55D5700DFE080 /* Sources */,
				50DE24841FA55D5700DFE080 /* Frameworks */,
				50DE24851FA55D5700DFE080 /* Resources */,
				50DE24CD1FA5697200DFE080 /* Embed Frameworks */,
			);
			buildRules = (
			);
			dependencies = (
				50DE24CC1FA5697200DFE080 /* PBXTargetDependency */,
			);
			name = Example;
			productName = Example;
			productReference = 50DE24871FA55D5700DFE080 /* Example.app */;
			productType = "com.apple.product-type.application";
		};
		50DE249F1FA55E5100DFE080 /* AnimationSwitchRootViewControllerObjC */ = {
			isa = PBXNativeTarget;
			buildConfigurationList = 50DE24A91FA55E5100DFE080 /* Build configuration list for PBXNativeTarget "AnimationSwitchRootViewControllerObjC" */;
			buildPhases = (
				50DE249B1FA55E5100DFE080 /* Sources */,
				50DE249C1FA55E5100DFE080 /* Frameworks */,
				50DE249D1FA55E5100DFE080 /* Headers */,
				50DE249E1FA55E5100DFE080 /* Resources */,
			);
			buildRules = (
			);
			dependencies = (
			);
			name = AnimationSwitchRootViewControllerObjC;
			productName = PVAnimationSwitchRootViewController;
			productReference = 50DE24A01FA55E5100DFE080 /* AnimationSwitchRootViewControllerObjC.framework */;
			productType = "com.apple.product-type.framework";
		};
		50DE24BB1FA568FB00DFE080 /* AnimationSwitchRootViewController */ = {
			isa = PBXNativeTarget;
			buildConfigurationList = 50DE24C51FA568FB00DFE080 /* Build configuration list for PBXNativeTarget "AnimationSwitchRootViewController" */;
			buildPhases = (
				50DE24B71FA568FB00DFE080 /* Sources */,
				50DE24B81FA568FB00DFE080 /* Frameworks */,
				50DE24B91FA568FB00DFE080 /* Headers */,
				50DE24BA1FA568FB00DFE080 /* Resources */,
			);
			buildRules = (
			);
			dependencies = (
			);
			name = AnimationSwitchRootViewController;
			productName = AnimationSwitchRootViewControllerSwift;
			productReference = 50DE24BC1FA568FB00DFE080 /* AnimationSwitchRootViewController.framework */;
			productType = "com.apple.product-type.framework";
		};
/* End PBXNativeTarget section */

/* Begin PBXProject section */
		50DE246F1FA55CB600DFE080 /* Project object */ = {
			isa = PBXProject;
			attributes = {
				LastSwiftUpdateCheck = 0900;
				LastUpgradeCheck = 0900;
				ORGANIZATIONNAME = ProVir;
				TargetAttributes = {
					50DE24861FA55D5700DFE080 = {
						CreatedOnToolsVersion = 9.0.1;
						ProvisioningStyle = Manual;
					};
					50DE249F1FA55E5100DFE080 = {
						CreatedOnToolsVersion = 9.0.1;
						ProvisioningStyle = Manual;
					};
					50DE24BB1FA568FB00DFE080 = {
						CreatedOnToolsVersion = 9.0.1;
						LastSwiftMigration = 0900;
						ProvisioningStyle = Manual;
					};
				};
			};
			buildConfigurationList = 50DE24721FA55CB600DFE080 /* Build configuration list for PBXProject "AnimationSwitchRootViewController" */;
			compatibilityVersion = "Xcode 8.0";
			developmentRegion = en;
			hasScannedForEncodings = 0;
			knownRegions = (
				en,
				Base,
			);
			mainGroup = 50DE246E1FA55CB600DFE080;
			productRefGroup = 50DE24791FA55CB600DFE080 /* Products */;
			projectDirPath = "";
			projectRoot = "";
			targets = (
				50DE24861FA55D5700DFE080 /* Example */,
				50DE249F1FA55E5100DFE080 /* AnimationSwitchRootViewControllerObjC */,
				50DE24BB1FA568FB00DFE080 /* AnimationSwitchRootViewController */,
			);
		};
/* End PBXProject section */

/* Begin PBXResourcesBuildPhase section */
		50DE24851FA55D5700DFE080 /* Resources */ = {
			isa = PBXResourcesBuildPhase;
			buildActionMask = 2147483647;
			files = (
				50DE24941FA55D5700DFE080 /* LaunchScreen.storyboard in Resources */,
				50DE24911FA55D5700DFE080 /* Assets.xcassets in Resources */,
				5080E9461FA5F44600A32E8F /* README.md in Resources */,
				50DE248F1FA55D5700DFE080 /* Main.storyboard in Resources */,
			);
			runOnlyForDeploymentPostprocessing = 0;
		};
		50DE249E1FA55E5100DFE080 /* Resources */ = {
			isa = PBXResourcesBuildPhase;
			buildActionMask = 2147483647;
			files = (
			);
			runOnlyForDeploymentPostprocessing = 0;
		};
		50DE24BA1FA568FB00DFE080 /* Resources */ = {
			isa = PBXResourcesBuildPhase;
			buildActionMask = 2147483647;
			files = (
			);
			runOnlyForDeploymentPostprocessing = 0;
		};
/* End PBXResourcesBuildPhase section */

/* Begin PBXSourcesBuildPhase section */
		50DE24831FA55D5700DFE080 /* Sources */ = {
			isa = PBXSourcesBuildPhase;
			buildActionMask = 2147483647;
			files = (
				50DE248C1FA55D5700DFE080 /* ViewController.swift in Sources */,
				50DE248A1FA55D5700DFE080 /* AppDelegate.swift in Sources */,
			);
			runOnlyForDeploymentPostprocessing = 0;
		};
		50DE249B1FA55E5100DFE080 /* Sources */ = {
			isa = PBXSourcesBuildPhase;
			buildActionMask = 2147483647;
			files = (
			);
			runOnlyForDeploymentPostprocessing = 0;
		};
		50DE24B71FA568FB00DFE080 /* Sources */ = {
			isa = PBXSourcesBuildPhase;
			buildActionMask = 2147483647;
			files = (
				5080E9421FA56DCA00A32E8F /* UIApplication+PVRootWindow.m in Sources */,
				5080E9441FA56E0000A32E8F /* AnimationSwitchRootViewController.swift in Sources */,
				5080E9401FA56DC100A32E8F /* UIWindow+PVAnimationSwitchRootViewController.m in Sources */,
			);
			runOnlyForDeploymentPostprocessing = 0;
		};
/* End PBXSourcesBuildPhase section */

/* Begin PBXTargetDependency section */
		50DE24CC1FA5697200DFE080 /* PBXTargetDependency */ = {
			isa = PBXTargetDependency;
			target = 50DE24BB1FA568FB00DFE080 /* AnimationSwitchRootViewController */;
			targetProxy = 50DE24CB1FA5697200DFE080 /* PBXContainerItemProxy */;
		};
/* End PBXTargetDependency section */

/* Begin PBXVariantGroup section */
		50DE248D1FA55D5700DFE080 /* Main.storyboard */ = {
			isa = PBXVariantGroup;
			children = (
				50DE248E1FA55D5700DFE080 /* Base */,
			);
			name = Main.storyboard;
			sourceTree = "<group>";
		};
		50DE24921FA55D5700DFE080 /* LaunchScreen.storyboard */ = {
			isa = PBXVariantGroup;
			children = (
				50DE24931FA55D5700DFE080 /* Base */,
			);
			name = LaunchScreen.storyboard;
			sourceTree = "<group>";
		};
/* End PBXVariantGroup section */

/* Begin XCBuildConfiguration section */
		50DE247E1FA55CB600DFE080 /* Debug */ = {
			isa = XCBuildConfiguration;
			buildSettings = {
				ALWAYS_SEARCH_USER_PATHS = NO;
				CLANG_ANALYZER_NONNULL = YES;
				CLANG_ANALYZER_NUMBER_OBJECT_CONVERSION = YES_AGGRESSIVE;
				CLANG_CXX_LANGUAGE_STANDARD = "gnu++14";
				CLANG_CXX_LIBRARY = "libc++";
				CLANG_ENABLE_MODULES = YES;
				CLANG_ENABLE_OBJC_ARC = YES;
				CLANG_WARN_BLOCK_CAPTURE_AUTORELEASING = YES;
				CLANG_WARN_BOOL_CONVERSION = YES;
				CLANG_WARN_COMMA = YES;
				CLANG_WARN_CONSTANT_CONVERSION = YES;
				CLANG_WARN_DIRECT_OBJC_ISA_USAGE = YES_ERROR;
				CLANG_WARN_DOCUMENTATION_COMMENTS = YES;
				CLANG_WARN_EMPTY_BODY = YES;
				CLANG_WARN_ENUM_CONVERSION = YES;
				CLANG_WARN_INFINITE_RECURSION = YES;
				CLANG_WARN_INT_CONVERSION = YES;
				CLANG_WARN_NON_LITERAL_NULL_CONVERSION = YES;
				CLANG_WARN_OBJC_LITERAL_CONVERSION = YES;
				CLANG_WARN_OBJC_ROOT_CLASS = YES_ERROR;
				CLANG_WARN_RANGE_LOOP_ANALYSIS = YES;
				CLANG_WARN_STRICT_PROTOTYPES = YES;
				CLANG_WARN_SUSPICIOUS_MOVE = YES;
				CLANG_WARN_UNGUARDED_AVAILABILITY = YES_AGGRESSIVE;
				CLANG_WARN_UNREACHABLE_CODE = YES;
				CLANG_WARN__DUPLICATE_METHOD_MATCH = YES;
				CODE_SIGN_IDENTITY = "iPhone Developer";
				COPY_PHASE_STRIP = NO;
				CURRENT_PROJECT_VERSION = 1;
				DEBUG_INFORMATION_FORMAT = dwarf;
				ENABLE_STRICT_OBJC_MSGSEND = YES;
				ENABLE_TESTABILITY = YES;
				GCC_C_LANGUAGE_STANDARD = gnu11;
				GCC_DYNAMIC_NO_PIC = NO;
				GCC_NO_COMMON_BLOCKS = YES;
				GCC_OPTIMIZATION_LEVEL = 0;
				GCC_PREPROCESSOR_DEFINITIONS = (
					"DEBUG=1",
					"$(inherited)",
				);
				GCC_WARN_64_TO_32_BIT_CONVERSION = YES;
				GCC_WARN_ABOUT_RETURN_TYPE = YES_ERROR;
				GCC_WARN_UNDECLARED_SELECTOR = YES;
				GCC_WARN_UNINITIALIZED_AUTOS = YES_AGGRESSIVE;
				GCC_WARN_UNUSED_FUNCTION = YES;
				GCC_WARN_UNUSED_VARIABLE = YES;
				IPHONEOS_DEPLOYMENT_TARGET = 8.0;
				MTL_ENABLE_DEBUG_INFO = YES;
				ONLY_ACTIVE_ARCH = YES;
				SDKROOT = iphoneos;
				VERSIONING_SYSTEM = "apple-generic";
				VERSION_INFO_PREFIX = "";
			};
			name = Debug;
		};
		50DE247F1FA55CB600DFE080 /* Release */ = {
			isa = XCBuildConfiguration;
			buildSettings = {
				ALWAYS_SEARCH_USER_PATHS = NO;
				CLANG_ANALYZER_NONNULL = YES;
				CLANG_ANALYZER_NUMBER_OBJECT_CONVERSION = YES_AGGRESSIVE;
				CLANG_CXX_LANGUAGE_STANDARD = "gnu++14";
				CLANG_CXX_LIBRARY = "libc++";
				CLANG_ENABLE_MODULES = YES;
				CLANG_ENABLE_OBJC_ARC = YES;
				CLANG_WARN_BLOCK_CAPTURE_AUTORELEASING = YES;
				CLANG_WARN_BOOL_CONVERSION = YES;
				CLANG_WARN_COMMA = YES;
				CLANG_WARN_CONSTANT_CONVERSION = YES;
				CLANG_WARN_DIRECT_OBJC_ISA_USAGE = YES_ERROR;
				CLANG_WARN_DOCUMENTATION_COMMENTS = YES;
				CLANG_WARN_EMPTY_BODY = YES;
				CLANG_WARN_ENUM_CONVERSION = YES;
				CLANG_WARN_INFINITE_RECURSION = YES;
				CLANG_WARN_INT_CONVERSION = YES;
				CLANG_WARN_NON_LITERAL_NULL_CONVERSION = YES;
				CLANG_WARN_OBJC_LITERAL_CONVERSION = YES;
				CLANG_WARN_OBJC_ROOT_CLASS = YES_ERROR;
				CLANG_WARN_RANGE_LOOP_ANALYSIS = YES;
				CLANG_WARN_STRICT_PROTOTYPES = YES;
				CLANG_WARN_SUSPICIOUS_MOVE = YES;
				CLANG_WARN_UNGUARDED_AVAILABILITY = YES_AGGRESSIVE;
				CLANG_WARN_UNREACHABLE_CODE = YES;
				CLANG_WARN__DUPLICATE_METHOD_MATCH = YES;
				CODE_SIGN_IDENTITY = "iPhone Developer";
				COPY_PHASE_STRIP = NO;
				CURRENT_PROJECT_VERSION = 1;
				DEBUG_INFORMATION_FORMAT = "dwarf-with-dsym";
				ENABLE_NS_ASSERTIONS = NO;
				ENABLE_STRICT_OBJC_MSGSEND = YES;
				GCC_C_LANGUAGE_STANDARD = gnu11;
				GCC_NO_COMMON_BLOCKS = YES;
				GCC_WARN_64_TO_32_BIT_CONVERSION = YES;
				GCC_WARN_ABOUT_RETURN_TYPE = YES_ERROR;
				GCC_WARN_UNDECLARED_SELECTOR = YES;
				GCC_WARN_UNINITIALIZED_AUTOS = YES_AGGRESSIVE;
				GCC_WARN_UNUSED_FUNCTION = YES;
				GCC_WARN_UNUSED_VARIABLE = YES;
				IPHONEOS_DEPLOYMENT_TARGET = 8.0;
				MTL_ENABLE_DEBUG_INFO = NO;
				SDKROOT = iphoneos;
				VALIDATE_PRODUCT = YES;
				VERSIONING_SYSTEM = "apple-generic";
				VERSION_INFO_PREFIX = "";
			};
			name = Release;
		};
		50DE24971FA55D5700DFE080 /* Debug */ = {
			isa = XCBuildConfiguration;
			buildSettings = {
				ALWAYS_EMBED_SWIFT_STANDARD_LIBRARIES = YES;
				ASSETCATALOG_COMPILER_APPICON_NAME = AppIcon;
				CODE_SIGN_STYLE = Manual;
				DEVELOPMENT_TEAM = "";
				INFOPLIST_FILE = Example/Info.plist;
				LD_RUNPATH_SEARCH_PATHS = "$(inherited) @executable_path/Frameworks";
				PRODUCT_BUNDLE_IDENTIFIER = ru.provir.AnimationSwitchRootViewController.Example;
				PRODUCT_NAME = "$(TARGET_NAME)";
				PROVISIONING_PROFILE_SPECIFIER = "";
				SWIFT_ACTIVE_COMPILATION_CONDITIONS = DEBUG;
				SWIFT_OPTIMIZATION_LEVEL = "-Onone";
				SWIFT_VERSION = 4.0;
				TARGETED_DEVICE_FAMILY = "1,2";
			};
			name = Debug;
		};
		50DE24981FA55D5700DFE080 /* Release */ = {
			isa = XCBuildConfiguration;
			buildSettings = {
				ALWAYS_EMBED_SWIFT_STANDARD_LIBRARIES = YES;
				ASSETCATALOG_COMPILER_APPICON_NAME = AppIcon;
				CODE_SIGN_STYLE = Manual;
				DEVELOPMENT_TEAM = "";
				INFOPLIST_FILE = Example/Info.plist;
				LD_RUNPATH_SEARCH_PATHS = "$(inherited) @executable_path/Frameworks";
				PRODUCT_BUNDLE_IDENTIFIER = ru.provir.AnimationSwitchRootViewController.Example;
				PRODUCT_NAME = "$(TARGET_NAME)";
				PROVISIONING_PROFILE_SPECIFIER = "";
				SWIFT_OPTIMIZATION_LEVEL = "-Owholemodule";
				SWIFT_VERSION = 4.0;
				TARGETED_DEVICE_FAMILY = "1,2";
			};
			name = Release;
		};
		50DE24AA1FA55E5100DFE080 /* Debug */ = {
			isa = XCBuildConfiguration;
			buildSettings = {
				CODE_SIGN_IDENTITY = "";
				CODE_SIGN_STYLE = Manual;
				DEFINES_MODULE = YES;
				DEVELOPMENT_TEAM = "";
				DYLIB_COMPATIBILITY_VERSION = 1;
				DYLIB_CURRENT_VERSION = 1;
				DYLIB_INSTALL_NAME_BASE = "@rpath";
				INFOPLIST_FILE = "$(SRCROOT)/AnimationSwitchRootViewControllerObjC/Info.plist";
				INSTALL_PATH = "$(LOCAL_LIBRARY_DIR)/Frameworks";
				LD_RUNPATH_SEARCH_PATHS = "$(inherited) @executable_path/Frameworks @loader_path/Frameworks";
				PRODUCT_BUNDLE_IDENTIFIER = ru.provir.AnimationSwitchRootViewControllerObjC;
				PRODUCT_NAME = "$(TARGET_NAME:c99extidentifier)";
				PROVISIONING_PROFILE_SPECIFIER = "";
				SKIP_INSTALL = YES;
				TARGETED_DEVICE_FAMILY = "1,2";
			};
			name = Debug;
		};
		50DE24AB1FA55E5100DFE080 /* Release */ = {
			isa = XCBuildConfiguration;
			buildSettings = {
				CODE_SIGN_IDENTITY = "";
				CODE_SIGN_STYLE = Manual;
				DEFINES_MODULE = YES;
				DEVELOPMENT_TEAM = "";
				DYLIB_COMPATIBILITY_VERSION = 1;
				DYLIB_CURRENT_VERSION = 1;
				DYLIB_INSTALL_NAME_BASE = "@rpath";
				INFOPLIST_FILE = "$(SRCROOT)/AnimationSwitchRootViewControllerObjC/Info.plist";
				INSTALL_PATH = "$(LOCAL_LIBRARY_DIR)/Frameworks";
				LD_RUNPATH_SEARCH_PATHS = "$(inherited) @executable_path/Frameworks @loader_path/Frameworks";
				PRODUCT_BUNDLE_IDENTIFIER = ru.provir.AnimationSwitchRootViewControllerObjC;
				PRODUCT_NAME = "$(TARGET_NAME:c99extidentifier)";
				PROVISIONING_PROFILE_SPECIFIER = "";
				SKIP_INSTALL = YES;
				TARGETED_DEVICE_FAMILY = "1,2";
			};
			name = Release;
		};
		50DE24C61FA568FB00DFE080 /* Debug */ = {
			isa = XCBuildConfiguration;
			buildSettings = {
				CLANG_ENABLE_MODULES = YES;
				CODE_SIGN_IDENTITY = "";
				CODE_SIGN_STYLE = Manual;
				DEFINES_MODULE = YES;
				DEVELOPMENT_TEAM = "";
				DYLIB_COMPATIBILITY_VERSION = 1;
				DYLIB_CURRENT_VERSION = 1;
				DYLIB_INSTALL_NAME_BASE = "@rpath";
				INFOPLIST_FILE = "$(SRCROOT)/AnimationSwitchRootViewController/Info.plist";
				INSTALL_PATH = "$(LOCAL_LIBRARY_DIR)/Frameworks";
				LD_RUNPATH_SEARCH_PATHS = "$(inherited) @executable_path/Frameworks @loader_path/Frameworks";
				PRODUCT_BUNDLE_IDENTIFIER = ru.provir.AnimationSwitchRootViewController;
				PRODUCT_NAME = "$(TARGET_NAME:c99extidentifier)";
				PROVISIONING_PROFILE_SPECIFIER = "";
				SKIP_INSTALL = YES;
				SWIFT_ACTIVE_COMPILATION_CONDITIONS = DEBUG;
				SWIFT_OPTIMIZATION_LEVEL = "-Onone";
				SWIFT_VERSION = 4.0;
				TARGETED_DEVICE_FAMILY = "1,2";
			};
			name = Debug;
		};
		50DE24C71FA568FB00DFE080 /* Release */ = {
			isa = XCBuildConfiguration;
			buildSettings = {
				CLANG_ENABLE_MODULES = YES;
				CODE_SIGN_IDENTITY = "";
				CODE_SIGN_STYLE = Manual;
				DEFINES_MODULE = YES;
				DEVELOPMENT_TEAM = "";
				DYLIB_COMPATIBILITY_VERSION = 1;
				DYLIB_CURRENT_VERSION = 1;
				DYLIB_INSTALL_NAME_BASE = "@rpath";
				INFOPLIST_FILE = "$(SRCROOT)/AnimationSwitchRootViewController/Info.plist";
				INSTALL_PATH = "$(LOCAL_LIBRARY_DIR)/Frameworks";
				LD_RUNPATH_SEARCH_PATHS = "$(inherited) @executable_path/Frameworks @loader_path/Frameworks";
				PRODUCT_BUNDLE_IDENTIFIER = ru.provir.AnimationSwitchRootViewController;
				PRODUCT_NAME = "$(TARGET_NAME:c99extidentifier)";
				PROVISIONING_PROFILE_SPECIFIER = "";
				SKIP_INSTALL = YES;
				SWIFT_OPTIMIZATION_LEVEL = "-Owholemodule";
				SWIFT_VERSION = 4.0;
				TARGETED_DEVICE_FAMILY = "1,2";
			};
			name = Release;
		};
/* End XCBuildConfiguration section */

/* Begin XCConfigurationList section */
		50DE24721FA55CB600DFE080 /* Build configuration list for PBXProject "AnimationSwitchRootViewController" */ = {
			isa = XCConfigurationList;
			buildConfigurations = (
				50DE247E1FA55CB600DFE080 /* Debug */,
				50DE247F1FA55CB600DFE080 /* Release */,
			);
			defaultConfigurationIsVisible = 0;
			defaultConfigurationName = Release;
		};
		50DE24961FA55D5700DFE080 /* Build configuration list for PBXNativeTarget "Example" */ = {
			isa = XCConfigurationList;
			buildConfigurations = (
				50DE24971FA55D5700DFE080 /* Debug */,
				50DE24981FA55D5700DFE080 /* Release */,
			);
			defaultConfigurationIsVisible = 0;
			defaultConfigurationName = Release;
		};
		50DE24A91FA55E5100DFE080 /* Build configuration list for PBXNativeTarget "AnimationSwitchRootViewControllerObjC" */ = {
			isa = XCConfigurationList;
			buildConfigurations = (
				50DE24AA1FA55E5100DFE080 /* Debug */,
				50DE24AB1FA55E5100DFE080 /* Release */,
			);
			defaultConfigurationIsVisible = 0;
			defaultConfigurationName = Release;
		};
		50DE24C51FA568FB00DFE080 /* Build configuration list for PBXNativeTarget "AnimationSwitchRootViewController" */ = {
			isa = XCConfigurationList;
			buildConfigurations = (
				50DE24C61FA568FB00DFE080 /* Debug */,
				50DE24C71FA568FB00DFE080 /* Release */,
			);
			defaultConfigurationIsVisible = 0;
			defaultConfigurationName = Release;
		};
/* End XCConfigurationList section */
	};
	rootObject = 50DE246F1FA55CB600DFE080 /* Project object */;
}
